
Microsoft Visual Studio Solution File, Format Version 12.00
# Visual Studio Version 16
VisualStudioVersion = 16.0.31005.135
MinimumVisualStudioVersion = 10.0.40219.1
Project("{FAE04EC0-301F-11D3-BF4B-00C04F79EFBC}") = "01. Advertisement Message", "01. Advertisement Message\01. Advertisement Message.csproj", "{6146A2CB-C353-47AD-9023-850487B72B8C}"
EndProject
Project("{FAE04EC0-301F-11D3-BF4B-00C04F79EFBC}") = "02. Articles", "..\02. Articles\02. Articles.csproj", "{EF2008E4-BDD3-4CB3-9C0F-19B9224982DD}"
EndProject
Project("{FAE04EC0-301F-11D3-BF4B-00C04F79EFBC}") = "03. Articles 2.0", "..\03. Articles 2.0\03. Articles 2.0.csproj", "{150E83D2-5199-4253-8B45-2AD05E56B766}"
EndProject
Project("{FAE04EC0-301F-11D3-BF4B-00C04F79EFBC}") = "04. Students", "..\04. Students\04. Students.csproj", "{F4514648-7A51-4FF6-BADD-3BF4615EF971}"
EndProject
Project("{FAE04EC0-301F-11D3-BF4B-00C04F79EFBC}") = "05. Teamwork Projects", "..\05. Teamwork Projects\05. Teamwork Projects.csproj", "{6806C7E8-34E5-48CD-B1BC-824F88C1A630}"
EndProject
Project("{FAE04EC0-301F-11D3-BF4B-00C04F79EFBC}") = "06. Vehicle Catalogue", "..\06. Vehicle Catalogue\06. Vehicle Catalogue.csproj", "{4695A3A2-7488-4A24-8292-B70834CB1E2F}"
EndProject
Project("{FAE04EC0-301F-11D3-BF4B-00C04F79EFBC}") = "07. Order by Age", "..\07. Order by Age\07. Order by Age.csproj", "{6C0FCFEE-60C2-4B5C-802A-AAA9355408F8}"
EndProject
Global
	GlobalSection(SolutionConfigurationPlatforms) = preSolution
		Debug|Any CPU = Debug|Any CPU
		Release|Any CPU = Release|Any CPU
	EndGlobalSection
	GlobalSection(ProjectConfigurationPlatforms) = postSolution
		{6146A2CB-C353-47AD-9023-850487B72B8C}.Debug|Any CPU.ActiveCfg = Debug|Any CPU
		{6146A2CB-C353-47AD-9023-850487B72B8C}.Debug|Any CPU.Build.0 = Debug|Any CPU
		{6146A2CB-C353-47AD-9023-850487B72B8C}.Release|Any CPU.ActiveCfg = Release|Any CPU
		{6146A2CB-C353-47AD-9023-850487B72B8C}.Release|Any CPU.Build.0 = Release|Any CPU
		{EF2008E4-BDD3-4CB3-9C0F-19B9224982DD}.Debug|Any CPU.ActiveCfg = Debug|Any CPU
		{EF2008E4-BDD3-4CB3-9C0F-19B9224982DD}.Debug|Any CPU.Build.0 = Debug|Any CPU
		{EF2008E4-BDD3-4CB3-9C0F-19B9224982DD}.Release|Any CPU.ActiveCfg = Release|Any CPU
		{EF2008E4-BDD3-4CB3-9C0F-19B9224982DD}.Release|Any CPU.Build.0 = Release|Any CPU
		{150E83D2-5199-4253-8B45-2AD05E56B766}.Debug|Any CPU.ActiveCfg = Debug|Any CPU
		{150E83D2-5199-4253-8B45-2AD05E56B766}.Debug|Any CPU.Build.0 = Debug|Any CPU
		{150E83D2-5199-4253-8B45-2AD05E56B766}.Release|Any CPU.ActiveCfg = Release|Any CPU
		{150E83D2-5199-4253-8B45-2AD05E56B766}.Release|Any CPU.Build.0 = Release|Any CPU
		{F4514648-7A51-4FF6-BADD-3BF4615EF971}.Debug|Any CPU.ActiveCfg = Debug|Any CPU
		{F4514648-7A51-4FF6-BADD-3BF4615EF971}.Debug|Any CPU.Build.0 = Debug|Any CPU
		{F4514648-7A51-4FF6-BADD-3BF4615EF971}.Release|Any CPU.ActiveCfg = Release|Any CPU
		{F4514648-7A51-4FF6-BADD-3BF4615EF971}.Release|Any CPU.Build.0 = Release|Any CPU
		{6806C7E8-34E5-48CD-B1BC-824F88C1A630}.Debug|Any CPU.ActiveCfg = Debug|Any CPU
		{6806C7E8-34E5-48CD-B1BC-824F88C1A630}.Debug|Any CPU.Build.0 = Debug|Any CPU
		{6806C7E8-34E5-48CD-B1BC-824F88C1A630}.Release|Any CPU.ActiveCfg = Release|Any CPU
		{6806C7E8-34E5-48CD-B1BC-824F88C1A630}.Release|Any CPU.Build.0 = Release|Any CPU
		{4695A3A2-7488-4A24-8292-B70834CB1E2F}.Debug|Any CPU.ActiveCfg = Debug|Any CPU
		{4695A3A2-7488-4A24-8292-B70834CB1E2F}.Debug|Any CPU.Build.0 = Debug|Any CPU
		{4695A3A2-7488-4A24-8292-B70834CB1E2F}.Release|Any CPU.ActiveCfg = Release|Any CPU
		{4695A3A2-7488-4A24-8292-B70834CB1E2F}.Release|Any CPU.Build.0 = Release|Any CPU
		{6C0FCFEE-60C2-4B5C-802A-AAA9355408F8}.Debug|Any CPU.ActiveCfg = Debug|Any CPU
		{6C0FCFEE-60C2-4B5C-802A-AAA9355408F8}.Debug|Any CPU.Build.0 = Debug|Any CPU
		{6C0FCFEE-60C2-4B5C-802A-AAA9355408F8}.Release|Any CPU.ActiveCfg = Release|Any CPU
		{6C0FCFEE-60C2-4B5C-802A-AAA9355408F8}.Release|Any CPU.Build.0 = Release|Any CPU
	EndGlobalSection
	GlobalSection(SolutionProperties) = preSolution
		HideSolutionNode = FALSE
	EndGlobalSection
	GlobalSection(ExtensibilityGlobals) = postSolution
		SolutionGuid = {57A9BF2A-6FCB-4381-9BBC-B93AC7F9BE77}
	EndGlobalSection
EndGlobal
