
Microsoft Visual Studio Solution File, Format Version 12.00
# Visual Studio Version 16
VisualStudioVersion = 16.0.30804.86
MinimumVisualStudioVersion = 10.0.40219.1
Project("{FAE04EC0-301F-11D3-BF4B-00C04F79EFBC}") = "01. Student Information", "01. Student Information\01. Student Information.csproj", "{3A6C4EF8-2B63-4431-8737-D0395E53695D}"
EndProject
Project("{FAE04EC0-301F-11D3-BF4B-00C04F79EFBC}") = "02. Passed", "..\02. Passed\02. Passed.csproj", "{38F52AD9-FB1B-4DEA-9714-FDA5E19AE84B}"
EndProject
Project("{FAE04EC0-301F-11D3-BF4B-00C04F79EFBC}") = "03. Passed or Failed", "..\03. Passed or Failed\03. Passed or Failed.csproj", "{C4A70236-1819-4292-AD40-B14B36EEB2AD}"
EndProject
Project("{FAE04EC0-301F-11D3-BF4B-00C04F79EFBC}") = "04. Back In 30 Minutes", "..\04. Back In 30 Minutes\04. Back In 30 Minutes.csproj", "{B6C2F86C-A593-4F57-9AAB-C81D12CB1BAA}"
EndProject
Project("{FAE04EC0-301F-11D3-BF4B-00C04F79EFBC}") = "05. Month Printer", "..\05. Month Printer\05. Month Printer.csproj", "{6BE8A3B8-AC1C-447C-BF8A-7EC6CA7EE94E}"
EndProject
Project("{FAE04EC0-301F-11D3-BF4B-00C04F79EFBC}") = "06. Foreign Languages", "..\06. Foreign Languages\06. Foreign Languages.csproj", "{D179876E-3877-4510-91FB-D849DFD8D395}"
EndProject
Project("{FAE04EC0-301F-11D3-BF4B-00C04F79EFBC}") = "07. Theatre Promotion", "..\07. Theatre Promotion\07. Theatre Promotion.csproj", "{897A8E06-3537-4E35-8897-236396BDEE55}"
EndProject
Project("{FAE04EC0-301F-11D3-BF4B-00C04F79EFBC}") = "08. Divisible by 3", "..\08. Divisible by 3\08. Divisible by 3.csproj", "{BDB96613-6BD2-45A9-84E5-E584A346F234}"
EndProject
Project("{FAE04EC0-301F-11D3-BF4B-00C04F79EFBC}") = "09. Sum of Odd Numbers", "..\09. Sum of Odd Numbers\09. Sum of Odd Numbers.csproj", "{1E2796C7-2B06-4C86-87ED-352D048856D7}"
EndProject
Project("{FAE04EC0-301F-11D3-BF4B-00C04F79EFBC}") = "10. Multiplication Table", "..\10. Multiplication Table\10. Multiplication Table.csproj", "{A5D583FC-5A8D-4878-942D-D3660639ED32}"
EndProject
Project("{FAE04EC0-301F-11D3-BF4B-00C04F79EFBC}") = "11. Multiplication Table 2.0", "..\11. Multiplication Table 2.0\11. Multiplication Table 2.0.csproj", "{411065C3-40F3-47D8-987B-200F57FCAF1C}"
EndProject
Project("{FAE04EC0-301F-11D3-BF4B-00C04F79EFBC}") = "12. Even Number", "..\12. Even Number\12. Even Number.csproj", "{7142C7DB-78AA-4164-96BB-6667B6464D6A}"
EndProject
Project("{FAE04EC0-301F-11D3-BF4B-00C04F79EFBC}") = "13. Holidays Between Two Dates", "..\13. Holidays Between Two Dates\13. Holidays Between Two Dates.csproj", "{79A9FFD9-45E5-4E3B-AE61-DDBD119A4714}"
EndProject
Global
	GlobalSection(SolutionConfigurationPlatforms) = preSolution
		Debug|Any CPU = Debug|Any CPU
		Release|Any CPU = Release|Any CPU
	EndGlobalSection
	GlobalSection(ProjectConfigurationPlatforms) = postSolution
		{3A6C4EF8-2B63-4431-8737-D0395E53695D}.Debug|Any CPU.ActiveCfg = Debug|Any CPU
		{3A6C4EF8-2B63-4431-8737-D0395E53695D}.Debug|Any CPU.Build.0 = Debug|Any CPU
		{3A6C4EF8-2B63-4431-8737-D0395E53695D}.Release|Any CPU.ActiveCfg = Release|Any CPU
		{3A6C4EF8-2B63-4431-8737-D0395E53695D}.Release|Any CPU.Build.0 = Release|Any CPU
		{38F52AD9-FB1B-4DEA-9714-FDA5E19AE84B}.Debug|Any CPU.ActiveCfg = Debug|Any CPU
		{38F52AD9-FB1B-4DEA-9714-FDA5E19AE84B}.Debug|Any CPU.Build.0 = Debug|Any CPU
		{38F52AD9-FB1B-4DEA-9714-FDA5E19AE84B}.Release|Any CPU.ActiveCfg = Release|Any CPU
		{38F52AD9-FB1B-4DEA-9714-FDA5E19AE84B}.Release|Any CPU.Build.0 = Release|Any CPU
		{C4A70236-1819-4292-AD40-B14B36EEB2AD}.Debug|Any CPU.ActiveCfg = Debug|Any CPU
		{C4A70236-1819-4292-AD40-B14B36EEB2AD}.Debug|Any CPU.Build.0 = Debug|Any CPU
		{C4A70236-1819-4292-AD40-B14B36EEB2AD}.Release|Any CPU.ActiveCfg = Release|Any CPU
		{C4A70236-1819-4292-AD40-B14B36EEB2AD}.Release|Any CPU.Build.0 = Release|Any CPU
		{B6C2F86C-A593-4F57-9AAB-C81D12CB1BAA}.Debug|Any CPU.ActiveCfg = Debug|Any CPU
		{B6C2F86C-A593-4F57-9AAB-C81D12CB1BAA}.Debug|Any CPU.Build.0 = Debug|Any CPU
		{B6C2F86C-A593-4F57-9AAB-C81D12CB1BAA}.Release|Any CPU.ActiveCfg = Release|Any CPU
		{B6C2F86C-A593-4F57-9AAB-C81D12CB1BAA}.Release|Any CPU.Build.0 = Release|Any CPU
		{6BE8A3B8-AC1C-447C-BF8A-7EC6CA7EE94E}.Debug|Any CPU.ActiveCfg = Debug|Any CPU
		{6BE8A3B8-AC1C-447C-BF8A-7EC6CA7EE94E}.Debug|Any CPU.Build.0 = Debug|Any CPU
		{6BE8A3B8-AC1C-447C-BF8A-7EC6CA7EE94E}.Release|Any CPU.ActiveCfg = Release|Any CPU
		{6BE8A3B8-AC1C-447C-BF8A-7EC6CA7EE94E}.Release|Any CPU.Build.0 = Release|Any CPU
		{D179876E-3877-4510-91FB-D849DFD8D395}.Debug|Any CPU.ActiveCfg = Debug|Any CPU
		{D179876E-3877-4510-91FB-D849DFD8D395}.Debug|Any CPU.Build.0 = Debug|Any CPU
		{D179876E-3877-4510-91FB-D849DFD8D395}.Release|Any CPU.ActiveCfg = Release|Any CPU
		{D179876E-3877-4510-91FB-D849DFD8D395}.Release|Any CPU.Build.0 = Release|Any CPU
		{897A8E06-3537-4E35-8897-236396BDEE55}.Debug|Any CPU.ActiveCfg = Debug|Any CPU
		{897A8E06-3537-4E35-8897-236396BDEE55}.Debug|Any CPU.Build.0 = Debug|Any CPU
		{897A8E06-3537-4E35-8897-236396BDEE55}.Release|Any CPU.ActiveCfg = Release|Any CPU
		{897A8E06-3537-4E35-8897-236396BDEE55}.Release|Any CPU.Build.0 = Release|Any CPU
		{BDB96613-6BD2-45A9-84E5-E584A346F234}.Debug|Any CPU.ActiveCfg = Debug|Any CPU
		{BDB96613-6BD2-45A9-84E5-E584A346F234}.Debug|Any CPU.Build.0 = Debug|Any CPU
		{BDB96613-6BD2-45A9-84E5-E584A346F234}.Release|Any CPU.ActiveCfg = Release|Any CPU
		{BDB96613-6BD2-45A9-84E5-E584A346F234}.Release|Any CPU.Build.0 = Release|Any CPU
		{1E2796C7-2B06-4C86-87ED-352D048856D7}.Debug|Any CPU.ActiveCfg = Debug|Any CPU
		{1E2796C7-2B06-4C86-87ED-352D048856D7}.Debug|Any CPU.Build.0 = Debug|Any CPU
		{1E2796C7-2B06-4C86-87ED-352D048856D7}.Release|Any CPU.ActiveCfg = Release|Any CPU
		{1E2796C7-2B06-4C86-87ED-352D048856D7}.Release|Any CPU.Build.0 = Release|Any CPU
		{A5D583FC-5A8D-4878-942D-D3660639ED32}.Debug|Any CPU.ActiveCfg = Debug|Any CPU
		{A5D583FC-5A8D-4878-942D-D3660639ED32}.Debug|Any CPU.Build.0 = Debug|Any CPU
		{A5D583FC-5A8D-4878-942D-D3660639ED32}.Release|Any CPU.ActiveCfg = Release|Any CPU
		{A5D583FC-5A8D-4878-942D-D3660639ED32}.Release|Any CPU.Build.0 = Release|Any CPU
		{411065C3-40F3-47D8-987B-200F57FCAF1C}.Debug|Any CPU.ActiveCfg = Debug|Any CPU
		{411065C3-40F3-47D8-987B-200F57FCAF1C}.Debug|Any CPU.Build.0 = Debug|Any CPU
		{411065C3-40F3-47D8-987B-200F57FCAF1C}.Release|Any CPU.ActiveCfg = Release|Any CPU
		{411065C3-40F3-47D8-987B-200F57FCAF1C}.Release|Any CPU.Build.0 = Release|Any CPU
		{7142C7DB-78AA-4164-96BB-6667B6464D6A}.Debug|Any CPU.ActiveCfg = Debug|Any CPU
		{7142C7DB-78AA-4164-96BB-6667B6464D6A}.Debug|Any CPU.Build.0 = Debug|Any CPU
		{7142C7DB-78AA-4164-96BB-6667B6464D6A}.Release|Any CPU.ActiveCfg = Release|Any CPU
		{7142C7DB-78AA-4164-96BB-6667B6464D6A}.Release|Any CPU.Build.0 = Release|Any CPU
		{79A9FFD9-45E5-4E3B-AE61-DDBD119A4714}.Debug|Any CPU.ActiveCfg = Debug|Any CPU
		{79A9FFD9-45E5-4E3B-AE61-DDBD119A4714}.Debug|Any CPU.Build.0 = Debug|Any CPU
		{79A9FFD9-45E5-4E3B-AE61-DDBD119A4714}.Release|Any CPU.ActiveCfg = Release|Any CPU
		{79A9FFD9-45E5-4E3B-AE61-DDBD119A4714}.Release|Any CPU.Build.0 = Release|Any CPU
	EndGlobalSection
	GlobalSection(SolutionProperties) = preSolution
		HideSolutionNode = FALSE
	EndGlobalSection
	GlobalSection(ExtensibilityGlobals) = postSolution
		SolutionGuid = {9E7DC230-47F7-4DFC-B76B-05AE1D22F29A}
	EndGlobalSection
EndGlobal
