
Microsoft Visual Studio Solution File, Format Version 12.00
# Visual Studio Version 16
VisualStudioVersion = 16.0.30907.101
MinimumVisualStudioVersion = 10.0.40219.1
Project("{FAE04EC0-301F-11D3-BF4B-00C04F79EFBC}") = "01. Smallest of Three Numbers", "01. Smallest of Three Numbers\01. Smallest of Three Numbers.csproj", "{65A32956-5AD2-44B2-B662-F1F0278B86A1}"
EndProject
Project("{FAE04EC0-301F-11D3-BF4B-00C04F79EFBC}") = "02. Vowels Count", "..\02. Vowels Count\02. Vowels Count.csproj", "{83B63927-E49E-40F0-9A5D-781E5CA3589E}"
EndProject
Project("{FAE04EC0-301F-11D3-BF4B-00C04F79EFBC}") = "03. Characters in Range", "..\03. Characters in Range\03. Characters in Range.csproj", "{22E11FD5-1D21-4A14-BB79-C400217187C6}"
EndProject
Project("{FAE04EC0-301F-11D3-BF4B-00C04F79EFBC}") = "04. Password Validator", "..\04. Password Validator\04. Password Validator.csproj", "{6C96ED19-3BA9-4A08-9591-EE46936EC5EA}"
EndProject
Project("{FAE04EC0-301F-11D3-BF4B-00C04F79EFBC}") = "05. Add and Subtract", "..\05. Add and Subtract\05. Add and Subtract.csproj", "{A4FC1489-1145-4DC6-803C-7ED1A379A36C}"
EndProject
Project("{FAE04EC0-301F-11D3-BF4B-00C04F79EFBC}") = "06. Middle Characters", "..\06. Middle Characters\06. Middle Characters.csproj", "{7A17A813-5418-4C15-8D87-AEB478BB6B34}"
EndProject
Project("{FAE04EC0-301F-11D3-BF4B-00C04F79EFBC}") = "07. NxN Matrix", "..\07. NxN Matrix\07. NxN Matrix.csproj", "{2FB556FA-05DB-405B-884C-3CB1F71BD1C2}"
EndProject
Project("{FAE04EC0-301F-11D3-BF4B-00C04F79EFBC}") = "08. Factorial Division", "..\08. Factorial Division\08. Factorial Division.csproj", "{5E5FC79F-959A-4D49-B654-D0134401AE6A}"
EndProject
Project("{FAE04EC0-301F-11D3-BF4B-00C04F79EFBC}") = "09. Palindrome Integers", "..\09. Palindrome Integers\09. Palindrome Integers.csproj", "{CA5FF19E-A350-4CF1-B6A7-88D73F610F14}"
EndProject
Project("{FAE04EC0-301F-11D3-BF4B-00C04F79EFBC}") = "10. Top Number", "..\10. Top Number\10. Top Number.csproj", "{8B7A867E-1B14-4068-8FC5-D8328D61BAA2}"
EndProject
Project("{FAE04EC0-301F-11D3-BF4B-00C04F79EFBC}") = "11. Array Manipulator", "..\11. Array Manipulator\11. Array Manipulator.csproj", "{B2CB722C-E6FA-4E1D-BA68-448EA3687C1D}"
EndProject
Global
	GlobalSection(SolutionConfigurationPlatforms) = preSolution
		Debug|Any CPU = Debug|Any CPU
		Release|Any CPU = Release|Any CPU
	EndGlobalSection
	GlobalSection(ProjectConfigurationPlatforms) = postSolution
		{65A32956-5AD2-44B2-B662-F1F0278B86A1}.Debug|Any CPU.ActiveCfg = Debug|Any CPU
		{65A32956-5AD2-44B2-B662-F1F0278B86A1}.Debug|Any CPU.Build.0 = Debug|Any CPU
		{65A32956-5AD2-44B2-B662-F1F0278B86A1}.Release|Any CPU.ActiveCfg = Release|Any CPU
		{65A32956-5AD2-44B2-B662-F1F0278B86A1}.Release|Any CPU.Build.0 = Release|Any CPU
		{83B63927-E49E-40F0-9A5D-781E5CA3589E}.Debug|Any CPU.ActiveCfg = Debug|Any CPU
		{83B63927-E49E-40F0-9A5D-781E5CA3589E}.Debug|Any CPU.Build.0 = Debug|Any CPU
		{83B63927-E49E-40F0-9A5D-781E5CA3589E}.Release|Any CPU.ActiveCfg = Release|Any CPU
		{83B63927-E49E-40F0-9A5D-781E5CA3589E}.Release|Any CPU.Build.0 = Release|Any CPU
		{22E11FD5-1D21-4A14-BB79-C400217187C6}.Debug|Any CPU.ActiveCfg = Debug|Any CPU
		{22E11FD5-1D21-4A14-BB79-C400217187C6}.Debug|Any CPU.Build.0 = Debug|Any CPU
		{22E11FD5-1D21-4A14-BB79-C400217187C6}.Release|Any CPU.ActiveCfg = Release|Any CPU
		{22E11FD5-1D21-4A14-BB79-C400217187C6}.Release|Any CPU.Build.0 = Release|Any CPU
		{6C96ED19-3BA9-4A08-9591-EE46936EC5EA}.Debug|Any CPU.ActiveCfg = Debug|Any CPU
		{6C96ED19-3BA9-4A08-9591-EE46936EC5EA}.Debug|Any CPU.Build.0 = Debug|Any CPU
		{6C96ED19-3BA9-4A08-9591-EE46936EC5EA}.Release|Any CPU.ActiveCfg = Release|Any CPU
		{6C96ED19-3BA9-4A08-9591-EE46936EC5EA}.Release|Any CPU.Build.0 = Release|Any CPU
		{A4FC1489-1145-4DC6-803C-7ED1A379A36C}.Debug|Any CPU.ActiveCfg = Debug|Any CPU
		{A4FC1489-1145-4DC6-803C-7ED1A379A36C}.Debug|Any CPU.Build.0 = Debug|Any CPU
		{A4FC1489-1145-4DC6-803C-7ED1A379A36C}.Release|Any CPU.ActiveCfg = Release|Any CPU
		{A4FC1489-1145-4DC6-803C-7ED1A379A36C}.Release|Any CPU.Build.0 = Release|Any CPU
		{7A17A813-5418-4C15-8D87-AEB478BB6B34}.Debug|Any CPU.ActiveCfg = Debug|Any CPU
		{7A17A813-5418-4C15-8D87-AEB478BB6B34}.Debug|Any CPU.Build.0 = Debug|Any CPU
		{7A17A813-5418-4C15-8D87-AEB478BB6B34}.Release|Any CPU.ActiveCfg = Release|Any CPU
		{7A17A813-5418-4C15-8D87-AEB478BB6B34}.Release|Any CPU.Build.0 = Release|Any CPU
		{2FB556FA-05DB-405B-884C-3CB1F71BD1C2}.Debug|Any CPU.ActiveCfg = Debug|Any CPU
		{2FB556FA-05DB-405B-884C-3CB1F71BD1C2}.Debug|Any CPU.Build.0 = Debug|Any CPU
		{2FB556FA-05DB-405B-884C-3CB1F71BD1C2}.Release|Any CPU.ActiveCfg = Release|Any CPU
		{2FB556FA-05DB-405B-884C-3CB1F71BD1C2}.Release|Any CPU.Build.0 = Release|Any CPU
		{5E5FC79F-959A-4D49-B654-D0134401AE6A}.Debug|Any CPU.ActiveCfg = Debug|Any CPU
		{5E5FC79F-959A-4D49-B654-D0134401AE6A}.Debug|Any CPU.Build.0 = Debug|Any CPU
		{5E5FC79F-959A-4D49-B654-D0134401AE6A}.Release|Any CPU.ActiveCfg = Release|Any CPU
		{5E5FC79F-959A-4D49-B654-D0134401AE6A}.Release|Any CPU.Build.0 = Release|Any CPU
		{CA5FF19E-A350-4CF1-B6A7-88D73F610F14}.Debug|Any CPU.ActiveCfg = Debug|Any CPU
		{CA5FF19E-A350-4CF1-B6A7-88D73F610F14}.Debug|Any CPU.Build.0 = Debug|Any CPU
		{CA5FF19E-A350-4CF1-B6A7-88D73F610F14}.Release|Any CPU.ActiveCfg = Release|Any CPU
		{CA5FF19E-A350-4CF1-B6A7-88D73F610F14}.Release|Any CPU.Build.0 = Release|Any CPU
		{8B7A867E-1B14-4068-8FC5-D8328D61BAA2}.Debug|Any CPU.ActiveCfg = Debug|Any CPU
		{8B7A867E-1B14-4068-8FC5-D8328D61BAA2}.Debug|Any CPU.Build.0 = Debug|Any CPU
		{8B7A867E-1B14-4068-8FC5-D8328D61BAA2}.Release|Any CPU.ActiveCfg = Release|Any CPU
		{8B7A867E-1B14-4068-8FC5-D8328D61BAA2}.Release|Any CPU.Build.0 = Release|Any CPU
		{B2CB722C-E6FA-4E1D-BA68-448EA3687C1D}.Debug|Any CPU.ActiveCfg = Debug|Any CPU
		{B2CB722C-E6FA-4E1D-BA68-448EA3687C1D}.Debug|Any CPU.Build.0 = Debug|Any CPU
		{B2CB722C-E6FA-4E1D-BA68-448EA3687C1D}.Release|Any CPU.ActiveCfg = Release|Any CPU
		{B2CB722C-E6FA-4E1D-BA68-448EA3687C1D}.Release|Any CPU.Build.0 = Release|Any CPU
	EndGlobalSection
	GlobalSection(SolutionProperties) = preSolution
		HideSolutionNode = FALSE
	EndGlobalSection
	GlobalSection(ExtensibilityGlobals) = postSolution
		SolutionGuid = {F703D3BF-5553-4702-9602-04C4D0D52C6A}
	EndGlobalSection
EndGlobal
