
Microsoft Visual Studio Solution File, Format Version 12.00
# Visual Studio Version 16
VisualStudioVersion = 16.0.31112.23
MinimumVisualStudioVersion = 10.0.40219.1
Project("{FAE04EC0-301F-11D3-BF4B-00C04F79EFBC}") = "01. The Imitation Game", "01. The Imitation Game\01. The Imitation Game.csproj", "{2BB5FC87-02CC-4252-8662-64CC5FF14B99}"
EndProject
Project("{FAE04EC0-301F-11D3-BF4B-00C04F79EFBC}") = "02. Ad Astra", "02. Ad Astra\02. Ad Astra.csproj", "{3D20E83E-95A5-4D2F-BB77-31C5C9571E59}"
EndProject
Project("{FAE04EC0-301F-11D3-BF4B-00C04F79EFBC}") = "03. The Pianist", "03. The Pianist\03. The Pianist.csproj", "{F3A563C5-30FE-4E8E-B326-A1EC0082C5DB}"
EndProject
Global
	GlobalSection(SolutionConfigurationPlatforms) = preSolution
		Debug|Any CPU = Debug|Any CPU
		Release|Any CPU = Release|Any CPU
	EndGlobalSection
	GlobalSection(ProjectConfigurationPlatforms) = postSolution
		{2BB5FC87-02CC-4252-8662-64CC5FF14B99}.Debug|Any CPU.ActiveCfg = Debug|Any CPU
		{2BB5FC87-02CC-4252-8662-64CC5FF14B99}.Debug|Any CPU.Build.0 = Debug|Any CPU
		{2BB5FC87-02CC-4252-8662-64CC5FF14B99}.Release|Any CPU.ActiveCfg = Release|Any CPU
		{2BB5FC87-02CC-4252-8662-64CC5FF14B99}.Release|Any CPU.Build.0 = Release|Any CPU
		{3D20E83E-95A5-4D2F-BB77-31C5C9571E59}.Debug|Any CPU.ActiveCfg = Debug|Any CPU
		{3D20E83E-95A5-4D2F-BB77-31C5C9571E59}.Debug|Any CPU.Build.0 = Debug|Any CPU
		{3D20E83E-95A5-4D2F-BB77-31C5C9571E59}.Release|Any CPU.ActiveCfg = Release|Any CPU
		{3D20E83E-95A5-4D2F-BB77-31C5C9571E59}.Release|Any CPU.Build.0 = Release|Any CPU
		{F3A563C5-30FE-4E8E-B326-A1EC0082C5DB}.Debug|Any CPU.ActiveCfg = Debug|Any CPU
		{F3A563C5-30FE-4E8E-B326-A1EC0082C5DB}.Debug|Any CPU.Build.0 = Debug|Any CPU
		{F3A563C5-30FE-4E8E-B326-A1EC0082C5DB}.Release|Any CPU.ActiveCfg = Release|Any CPU
		{F3A563C5-30FE-4E8E-B326-A1EC0082C5DB}.Release|Any CPU.Build.0 = Release|Any CPU
	EndGlobalSection
	GlobalSection(SolutionProperties) = preSolution
		HideSolutionNode = FALSE
	EndGlobalSection
	GlobalSection(ExtensibilityGlobals) = postSolution
		SolutionGuid = {EF2C3AA6-4636-4DCD-9C83-0AC094654CA7}
	EndGlobalSection
EndGlobal
