
Microsoft Visual Studio Solution File, Format Version 12.00
# Visual Studio Version 16
VisualStudioVersion = 16.0.31424.327
MinimumVisualStudioVersion = 10.0.40219.1
Project("{9A19103F-16F7-4668-BE54-9A1E7A4F7556}") = "01.ClassBoxData", "01. Class Box Data\01.ClassBoxData.csproj", "{A497986E-7246-4E30-8487-6DD05AEE37BB}"
EndProject
Project("{9A19103F-16F7-4668-BE54-9A1E7A4F7556}") = "AnimalFarm", "02.AnimalFarm\AnimalFarm.csproj", "{7AA533A6-ED40-4463-8703-BAC4D9716087}"
EndProject
Project("{9A19103F-16F7-4668-BE54-9A1E7A4F7556}") = "03.ShoppingSpree", "03.ShoppingSpree\03.ShoppingSpree.csproj", "{A85DCA63-286D-4E00-BE4E-1FB4B2040803}"
EndProject
Project("{9A19103F-16F7-4668-BE54-9A1E7A4F7556}") = "05.FootballTeamGenerator", "05.FootballTeamGenerator\05.FootballTeamGenerator.csproj", "{8BBCE7B3-4A0F-4B14-AC48-2976F2DEB212}"
EndProject
Project("{FAE04EC0-301F-11D3-BF4B-00C04F79EFBC}") = "04.PizzaCalories", "04.PizzaCalories\04.PizzaCalories.csproj", "{9150BC28-CD63-44B7-8216-2A27324A3DE7}"
EndProject
Global
	GlobalSection(SolutionConfigurationPlatforms) = preSolution
		Debug|Any CPU = Debug|Any CPU
		Release|Any CPU = Release|Any CPU
	EndGlobalSection
	GlobalSection(ProjectConfigurationPlatforms) = postSolution
		{A497986E-7246-4E30-8487-6DD05AEE37BB}.Debug|Any CPU.ActiveCfg = Debug|Any CPU
		{A497986E-7246-4E30-8487-6DD05AEE37BB}.Debug|Any CPU.Build.0 = Debug|Any CPU
		{A497986E-7246-4E30-8487-6DD05AEE37BB}.Release|Any CPU.ActiveCfg = Release|Any CPU
		{A497986E-7246-4E30-8487-6DD05AEE37BB}.Release|Any CPU.Build.0 = Release|Any CPU
		{7AA533A6-ED40-4463-8703-BAC4D9716087}.Debug|Any CPU.ActiveCfg = Debug|Any CPU
		{7AA533A6-ED40-4463-8703-BAC4D9716087}.Debug|Any CPU.Build.0 = Debug|Any CPU
		{7AA533A6-ED40-4463-8703-BAC4D9716087}.Release|Any CPU.ActiveCfg = Release|Any CPU
		{7AA533A6-ED40-4463-8703-BAC4D9716087}.Release|Any CPU.Build.0 = Release|Any CPU
		{A85DCA63-286D-4E00-BE4E-1FB4B2040803}.Debug|Any CPU.ActiveCfg = Debug|Any CPU
		{A85DCA63-286D-4E00-BE4E-1FB4B2040803}.Debug|Any CPU.Build.0 = Debug|Any CPU
		{A85DCA63-286D-4E00-BE4E-1FB4B2040803}.Release|Any CPU.ActiveCfg = Release|Any CPU
		{A85DCA63-286D-4E00-BE4E-1FB4B2040803}.Release|Any CPU.Build.0 = Release|Any CPU
		{8BBCE7B3-4A0F-4B14-AC48-2976F2DEB212}.Debug|Any CPU.ActiveCfg = Debug|Any CPU
		{8BBCE7B3-4A0F-4B14-AC48-2976F2DEB212}.Debug|Any CPU.Build.0 = Debug|Any CPU
		{8BBCE7B3-4A0F-4B14-AC48-2976F2DEB212}.Release|Any CPU.ActiveCfg = Release|Any CPU
		{8BBCE7B3-4A0F-4B14-AC48-2976F2DEB212}.Release|Any CPU.Build.0 = Release|Any CPU
		{9150BC28-CD63-44B7-8216-2A27324A3DE7}.Debug|Any CPU.ActiveCfg = Debug|Any CPU
		{9150BC28-CD63-44B7-8216-2A27324A3DE7}.Debug|Any CPU.Build.0 = Debug|Any CPU
		{9150BC28-CD63-44B7-8216-2A27324A3DE7}.Release|Any CPU.ActiveCfg = Release|Any CPU
		{9150BC28-CD63-44B7-8216-2A27324A3DE7}.Release|Any CPU.Build.0 = Release|Any CPU
	EndGlobalSection
	GlobalSection(SolutionProperties) = preSolution
		HideSolutionNode = FALSE
	EndGlobalSection
	GlobalSection(ExtensibilityGlobals) = postSolution
		SolutionGuid = {3C3016B3-2B43-4827-8BD7-A65984A70DB3}
	EndGlobalSection
EndGlobal
