
Microsoft Visual Studio Solution File, Format Version 12.00
# Visual Studio Version 16
VisualStudioVersion = 16.0.30907.101
MinimumVisualStudioVersion = 10.0.40219.1
Project("{FAE04EC0-301F-11D3-BF4B-00C04F79EFBC}") = "01. Train", "01. Train\01. Train.csproj", "{1265F077-6A69-4840-8A1F-0B983F772E0B}"
EndProject
Project("{FAE04EC0-301F-11D3-BF4B-00C04F79EFBC}") = "02. Common Elements", "..\02. Common Elements\02. Common Elements.csproj", "{C8F64B02-E1CB-4F4A-8860-8328D6EFC02C}"
EndProject
Project("{FAE04EC0-301F-11D3-BF4B-00C04F79EFBC}") = "03. Zig-Zag Arrays", "..\03. Zig-Zag Arrays\03. Zig-Zag Arrays.csproj", "{822D206D-3557-43E5-8706-32610789DF3C}"
EndProject
Project("{FAE04EC0-301F-11D3-BF4B-00C04F79EFBC}") = "04. Array Rotation", "..\04. Array Rotation\04. Array Rotation.csproj", "{63D82DE2-A4F4-4EED-BCCD-0702F836CE8A}"
EndProject
Project("{FAE04EC0-301F-11D3-BF4B-00C04F79EFBC}") = "05. Top Integers", "..\05. Top Integers\05. Top Integers.csproj", "{630F074D-81F6-4F30-BF04-3BB0B5F34075}"
EndProject
Project("{FAE04EC0-301F-11D3-BF4B-00C04F79EFBC}") = "06. Equal Sum", "..\06. Equal Sum\06. Equal Sum.csproj", "{FBC0F2E3-068F-4609-9A52-3C29D1F4A324}"
EndProject
Project("{FAE04EC0-301F-11D3-BF4B-00C04F79EFBC}") = "07. Max Sequence of Equal Elements", "..\07. Max Sequence of Equal Elements\07. Max Sequence of Equal Elements.csproj", "{8BCA3FF6-7A90-4E95-94DD-1AA2ED122D73}"
EndProject
Project("{FAE04EC0-301F-11D3-BF4B-00C04F79EFBC}") = "08. Magic Sum", "..\08. Magic Sum\08. Magic Sum.csproj", "{F4F64E92-083F-47F3-9C89-557151EC0C8D}"
EndProject
Project("{FAE04EC0-301F-11D3-BF4B-00C04F79EFBC}") = "09. Kamino Factory", "..\09. Kamino Factory\09. Kamino Factory.csproj", "{E3BE29E5-2A17-4920-8B17-5B52ABA4B143}"
EndProject
Project("{FAE04EC0-301F-11D3-BF4B-00C04F79EFBC}") = "10. LadyBugs", "..\10. LadyBugs\10. LadyBugs.csproj", "{44D72CC2-7E8A-4629-BE85-CE910A7EA8BD}"
EndProject
Global
	GlobalSection(SolutionConfigurationPlatforms) = preSolution
		Debug|Any CPU = Debug|Any CPU
		Release|Any CPU = Release|Any CPU
	EndGlobalSection
	GlobalSection(ProjectConfigurationPlatforms) = postSolution
		{1265F077-6A69-4840-8A1F-0B983F772E0B}.Debug|Any CPU.ActiveCfg = Debug|Any CPU
		{1265F077-6A69-4840-8A1F-0B983F772E0B}.Debug|Any CPU.Build.0 = Debug|Any CPU
		{1265F077-6A69-4840-8A1F-0B983F772E0B}.Release|Any CPU.ActiveCfg = Release|Any CPU
		{1265F077-6A69-4840-8A1F-0B983F772E0B}.Release|Any CPU.Build.0 = Release|Any CPU
		{C8F64B02-E1CB-4F4A-8860-8328D6EFC02C}.Debug|Any CPU.ActiveCfg = Debug|Any CPU
		{C8F64B02-E1CB-4F4A-8860-8328D6EFC02C}.Debug|Any CPU.Build.0 = Debug|Any CPU
		{C8F64B02-E1CB-4F4A-8860-8328D6EFC02C}.Release|Any CPU.ActiveCfg = Release|Any CPU
		{C8F64B02-E1CB-4F4A-8860-8328D6EFC02C}.Release|Any CPU.Build.0 = Release|Any CPU
		{822D206D-3557-43E5-8706-32610789DF3C}.Debug|Any CPU.ActiveCfg = Debug|Any CPU
		{822D206D-3557-43E5-8706-32610789DF3C}.Debug|Any CPU.Build.0 = Debug|Any CPU
		{822D206D-3557-43E5-8706-32610789DF3C}.Release|Any CPU.ActiveCfg = Release|Any CPU
		{822D206D-3557-43E5-8706-32610789DF3C}.Release|Any CPU.Build.0 = Release|Any CPU
		{63D82DE2-A4F4-4EED-BCCD-0702F836CE8A}.Debug|Any CPU.ActiveCfg = Debug|Any CPU
		{63D82DE2-A4F4-4EED-BCCD-0702F836CE8A}.Debug|Any CPU.Build.0 = Debug|Any CPU
		{63D82DE2-A4F4-4EED-BCCD-0702F836CE8A}.Release|Any CPU.ActiveCfg = Release|Any CPU
		{63D82DE2-A4F4-4EED-BCCD-0702F836CE8A}.Release|Any CPU.Build.0 = Release|Any CPU
		{630F074D-81F6-4F30-BF04-3BB0B5F34075}.Debug|Any CPU.ActiveCfg = Debug|Any CPU
		{630F074D-81F6-4F30-BF04-3BB0B5F34075}.Debug|Any CPU.Build.0 = Debug|Any CPU
		{630F074D-81F6-4F30-BF04-3BB0B5F34075}.Release|Any CPU.ActiveCfg = Release|Any CPU
		{630F074D-81F6-4F30-BF04-3BB0B5F34075}.Release|Any CPU.Build.0 = Release|Any CPU
		{FBC0F2E3-068F-4609-9A52-3C29D1F4A324}.Debug|Any CPU.ActiveCfg = Debug|Any CPU
		{FBC0F2E3-068F-4609-9A52-3C29D1F4A324}.Debug|Any CPU.Build.0 = Debug|Any CPU
		{FBC0F2E3-068F-4609-9A52-3C29D1F4A324}.Release|Any CPU.ActiveCfg = Release|Any CPU
		{FBC0F2E3-068F-4609-9A52-3C29D1F4A324}.Release|Any CPU.Build.0 = Release|Any CPU
		{8BCA3FF6-7A90-4E95-94DD-1AA2ED122D73}.Debug|Any CPU.ActiveCfg = Debug|Any CPU
		{8BCA3FF6-7A90-4E95-94DD-1AA2ED122D73}.Debug|Any CPU.Build.0 = Debug|Any CPU
		{8BCA3FF6-7A90-4E95-94DD-1AA2ED122D73}.Release|Any CPU.ActiveCfg = Release|Any CPU
		{8BCA3FF6-7A90-4E95-94DD-1AA2ED122D73}.Release|Any CPU.Build.0 = Release|Any CPU
		{F4F64E92-083F-47F3-9C89-557151EC0C8D}.Debug|Any CPU.ActiveCfg = Debug|Any CPU
		{F4F64E92-083F-47F3-9C89-557151EC0C8D}.Debug|Any CPU.Build.0 = Debug|Any CPU
		{F4F64E92-083F-47F3-9C89-557151EC0C8D}.Release|Any CPU.ActiveCfg = Release|Any CPU
		{F4F64E92-083F-47F3-9C89-557151EC0C8D}.Release|Any CPU.Build.0 = Release|Any CPU
		{E3BE29E5-2A17-4920-8B17-5B52ABA4B143}.Debug|Any CPU.ActiveCfg = Debug|Any CPU
		{E3BE29E5-2A17-4920-8B17-5B52ABA4B143}.Debug|Any CPU.Build.0 = Debug|Any CPU
		{E3BE29E5-2A17-4920-8B17-5B52ABA4B143}.Release|Any CPU.ActiveCfg = Release|Any CPU
		{E3BE29E5-2A17-4920-8B17-5B52ABA4B143}.Release|Any CPU.Build.0 = Release|Any CPU
		{44D72CC2-7E8A-4629-BE85-CE910A7EA8BD}.Debug|Any CPU.ActiveCfg = Debug|Any CPU
		{44D72CC2-7E8A-4629-BE85-CE910A7EA8BD}.Debug|Any CPU.Build.0 = Debug|Any CPU
		{44D72CC2-7E8A-4629-BE85-CE910A7EA8BD}.Release|Any CPU.ActiveCfg = Release|Any CPU
		{44D72CC2-7E8A-4629-BE85-CE910A7EA8BD}.Release|Any CPU.Build.0 = Release|Any CPU
	EndGlobalSection
	GlobalSection(SolutionProperties) = preSolution
		HideSolutionNode = FALSE
	EndGlobalSection
	GlobalSection(ExtensibilityGlobals) = postSolution
		SolutionGuid = {169201A4-A471-4704-8E45-129D8E057131}
	EndGlobalSection
EndGlobal
