
Microsoft Visual Studio Solution File, Format Version 12.00
# Visual Studio Version 16
VisualStudioVersion = 16.0.30907.101
MinimumVisualStudioVersion = 10.0.40219.1
Project("{9A19103F-16F7-4668-BE54-9A1E7A4F7556}") = "01. Sign of Integer Numbers", "01. Sign of Integer Numbers\01. Sign of Integer Numbers.csproj", "{C27BCD89-5FA9-4DED-B71D-885692C4FD55}"
EndProject
Project("{9A19103F-16F7-4668-BE54-9A1E7A4F7556}") = "02. Grades", "..\02. Grades\02. Grades.csproj", "{08B2F752-81B5-435D-BC0F-53A3B41A7A9E}"
EndProject
Project("{9A19103F-16F7-4668-BE54-9A1E7A4F7556}") = "03. Calculations", "..\03. Calculations\03. Calculations.csproj", "{D264A15C-5FE8-40E3-AE92-FA7C57F43FC6}"
EndProject
Project("{9A19103F-16F7-4668-BE54-9A1E7A4F7556}") = "04. Printing Triangle", "..\04. Printing Triangle\04. Printing Triangle.csproj", "{BDE94D9C-5965-4779-BBA8-7AF09F1B37A4}"
EndProject
Project("{9A19103F-16F7-4668-BE54-9A1E7A4F7556}") = "05. Orders", "..\05. Orders\05. Orders.csproj", "{F5C1860B-3B15-43E9-8C94-8B0164D087E4}"
EndProject
Project("{9A19103F-16F7-4668-BE54-9A1E7A4F7556}") = "06. Calculate Rectangle Area", "..\06. Calculate Rectangle Area\06. Calculate Rectangle Area.csproj", "{A0E0E75E-BF31-4A10-85DD-544C0BD7EF65}"
EndProject
Project("{9A19103F-16F7-4668-BE54-9A1E7A4F7556}") = "07. Repeat String", "..\07. Repeat String\07. Repeat String.csproj", "{D4DE0444-0810-44F4-8A69-6F216D278E09}"
EndProject
Project("{9A19103F-16F7-4668-BE54-9A1E7A4F7556}") = "08. Math Power", "..\08. Math Power\08. Math Power.csproj", "{2ACF3522-6406-425A-9139-16F828F7062B}"
EndProject
Project("{9A19103F-16F7-4668-BE54-9A1E7A4F7556}") = "09. Greater of Two Values", "..\09. Greater of Two Values\09. Greater of Two Values.csproj", "{DEA63F10-7CD6-45C4-B7E7-7F3B3C0C7BD7}"
EndProject
Project("{FAE04EC0-301F-11D3-BF4B-00C04F79EFBC}") = "10. Multiply Evens by Odds", "..\10. Multiply Evens by Odds\10. Multiply Evens by Odds.csproj", "{9B440229-3AF9-4FC5-AA97-F09AA594B80D}"
EndProject
Project("{FAE04EC0-301F-11D3-BF4B-00C04F79EFBC}") = "11. Math operations", "..\11. Math operations\11. Math operations.csproj", "{1C7D2F64-6249-4747-9EDE-0A14AA7C6D0C}"
EndProject
Global
	GlobalSection(SolutionConfigurationPlatforms) = preSolution
		Debug|Any CPU = Debug|Any CPU
		Release|Any CPU = Release|Any CPU
	EndGlobalSection
	GlobalSection(ProjectConfigurationPlatforms) = postSolution
		{C27BCD89-5FA9-4DED-B71D-885692C4FD55}.Debug|Any CPU.ActiveCfg = Debug|Any CPU
		{C27BCD89-5FA9-4DED-B71D-885692C4FD55}.Debug|Any CPU.Build.0 = Debug|Any CPU
		{C27BCD89-5FA9-4DED-B71D-885692C4FD55}.Release|Any CPU.ActiveCfg = Release|Any CPU
		{C27BCD89-5FA9-4DED-B71D-885692C4FD55}.Release|Any CPU.Build.0 = Release|Any CPU
		{08B2F752-81B5-435D-BC0F-53A3B41A7A9E}.Debug|Any CPU.ActiveCfg = Debug|Any CPU
		{08B2F752-81B5-435D-BC0F-53A3B41A7A9E}.Debug|Any CPU.Build.0 = Debug|Any CPU
		{08B2F752-81B5-435D-BC0F-53A3B41A7A9E}.Release|Any CPU.ActiveCfg = Release|Any CPU
		{08B2F752-81B5-435D-BC0F-53A3B41A7A9E}.Release|Any CPU.Build.0 = Release|Any CPU
		{D264A15C-5FE8-40E3-AE92-FA7C57F43FC6}.Debug|Any CPU.ActiveCfg = Debug|Any CPU
		{D264A15C-5FE8-40E3-AE92-FA7C57F43FC6}.Debug|Any CPU.Build.0 = Debug|Any CPU
		{D264A15C-5FE8-40E3-AE92-FA7C57F43FC6}.Release|Any CPU.ActiveCfg = Release|Any CPU
		{D264A15C-5FE8-40E3-AE92-FA7C57F43FC6}.Release|Any CPU.Build.0 = Release|Any CPU
		{BDE94D9C-5965-4779-BBA8-7AF09F1B37A4}.Debug|Any CPU.ActiveCfg = Debug|Any CPU
		{BDE94D9C-5965-4779-BBA8-7AF09F1B37A4}.Debug|Any CPU.Build.0 = Debug|Any CPU
		{BDE94D9C-5965-4779-BBA8-7AF09F1B37A4}.Release|Any CPU.ActiveCfg = Release|Any CPU
		{BDE94D9C-5965-4779-BBA8-7AF09F1B37A4}.Release|Any CPU.Build.0 = Release|Any CPU
		{F5C1860B-3B15-43E9-8C94-8B0164D087E4}.Debug|Any CPU.ActiveCfg = Debug|Any CPU
		{F5C1860B-3B15-43E9-8C94-8B0164D087E4}.Debug|Any CPU.Build.0 = Debug|Any CPU
		{F5C1860B-3B15-43E9-8C94-8B0164D087E4}.Release|Any CPU.ActiveCfg = Release|Any CPU
		{F5C1860B-3B15-43E9-8C94-8B0164D087E4}.Release|Any CPU.Build.0 = Release|Any CPU
		{A0E0E75E-BF31-4A10-85DD-544C0BD7EF65}.Debug|Any CPU.ActiveCfg = Debug|Any CPU
		{A0E0E75E-BF31-4A10-85DD-544C0BD7EF65}.Debug|Any CPU.Build.0 = Debug|Any CPU
		{A0E0E75E-BF31-4A10-85DD-544C0BD7EF65}.Release|Any CPU.ActiveCfg = Release|Any CPU
		{A0E0E75E-BF31-4A10-85DD-544C0BD7EF65}.Release|Any CPU.Build.0 = Release|Any CPU
		{D4DE0444-0810-44F4-8A69-6F216D278E09}.Debug|Any CPU.ActiveCfg = Debug|Any CPU
		{D4DE0444-0810-44F4-8A69-6F216D278E09}.Debug|Any CPU.Build.0 = Debug|Any CPU
		{D4DE0444-0810-44F4-8A69-6F216D278E09}.Release|Any CPU.ActiveCfg = Release|Any CPU
		{D4DE0444-0810-44F4-8A69-6F216D278E09}.Release|Any CPU.Build.0 = Release|Any CPU
		{2ACF3522-6406-425A-9139-16F828F7062B}.Debug|Any CPU.ActiveCfg = Debug|Any CPU
		{2ACF3522-6406-425A-9139-16F828F7062B}.Debug|Any CPU.Build.0 = Debug|Any CPU
		{2ACF3522-6406-425A-9139-16F828F7062B}.Release|Any CPU.ActiveCfg = Release|Any CPU
		{2ACF3522-6406-425A-9139-16F828F7062B}.Release|Any CPU.Build.0 = Release|Any CPU
		{DEA63F10-7CD6-45C4-B7E7-7F3B3C0C7BD7}.Debug|Any CPU.ActiveCfg = Debug|Any CPU
		{DEA63F10-7CD6-45C4-B7E7-7F3B3C0C7BD7}.Debug|Any CPU.Build.0 = Debug|Any CPU
		{DEA63F10-7CD6-45C4-B7E7-7F3B3C0C7BD7}.Release|Any CPU.ActiveCfg = Release|Any CPU
		{DEA63F10-7CD6-45C4-B7E7-7F3B3C0C7BD7}.Release|Any CPU.Build.0 = Release|Any CPU
		{9B440229-3AF9-4FC5-AA97-F09AA594B80D}.Debug|Any CPU.ActiveCfg = Debug|Any CPU
		{9B440229-3AF9-4FC5-AA97-F09AA594B80D}.Debug|Any CPU.Build.0 = Debug|Any CPU
		{9B440229-3AF9-4FC5-AA97-F09AA594B80D}.Release|Any CPU.ActiveCfg = Release|Any CPU
		{9B440229-3AF9-4FC5-AA97-F09AA594B80D}.Release|Any CPU.Build.0 = Release|Any CPU
		{1C7D2F64-6249-4747-9EDE-0A14AA7C6D0C}.Debug|Any CPU.ActiveCfg = Debug|Any CPU
		{1C7D2F64-6249-4747-9EDE-0A14AA7C6D0C}.Debug|Any CPU.Build.0 = Debug|Any CPU
		{1C7D2F64-6249-4747-9EDE-0A14AA7C6D0C}.Release|Any CPU.ActiveCfg = Release|Any CPU
		{1C7D2F64-6249-4747-9EDE-0A14AA7C6D0C}.Release|Any CPU.Build.0 = Release|Any CPU
	EndGlobalSection
	GlobalSection(SolutionProperties) = preSolution
		HideSolutionNode = FALSE
	EndGlobalSection
	GlobalSection(ExtensibilityGlobals) = postSolution
		SolutionGuid = {E4377264-749D-4357-9546-8189013BFE80}
	EndGlobalSection
EndGlobal
