
Microsoft Visual Studio Solution File, Format Version 12.00
# Visual Studio Version 16
VisualStudioVersion = 16.0.31129.286
MinimumVisualStudioVersion = 10.0.40219.1
Project("{FAE04EC0-301F-11D3-BF4B-00C04F79EFBC}") = "01. Furniture", "01. Furniture\01. Furniture.csproj", "{895CE3BD-4236-425F-BE13-31B7B0F4B7E5}"
EndProject
Project("{FAE04EC0-301F-11D3-BF4B-00C04F79EFBC}") = "02. Race", "02. Race\02. Race.csproj", "{786B6CB4-3130-4EEA-BF57-D1E212E61BB6}"
EndProject
Global
	GlobalSection(SolutionConfigurationPlatforms) = preSolution
		Debug|Any CPU = Debug|Any CPU
		Release|Any CPU = Release|Any CPU
	EndGlobalSection
	GlobalSection(ProjectConfigurationPlatforms) = postSolution
		{895CE3BD-4236-425F-BE13-31B7B0F4B7E5}.Debug|Any CPU.ActiveCfg = Debug|Any CPU
		{895CE3BD-4236-425F-BE13-31B7B0F4B7E5}.Debug|Any CPU.Build.0 = Debug|Any CPU
		{895CE3BD-4236-425F-BE13-31B7B0F4B7E5}.Release|Any CPU.ActiveCfg = Release|Any CPU
		{895CE3BD-4236-425F-BE13-31B7B0F4B7E5}.Release|Any CPU.Build.0 = Release|Any CPU
		{786B6CB4-3130-4EEA-BF57-D1E212E61BB6}.Debug|Any CPU.ActiveCfg = Debug|Any CPU
		{786B6CB4-3130-4EEA-BF57-D1E212E61BB6}.Debug|Any CPU.Build.0 = Debug|Any CPU
		{786B6CB4-3130-4EEA-BF57-D1E212E61BB6}.Release|Any CPU.ActiveCfg = Release|Any CPU
		{786B6CB4-3130-4EEA-BF57-D1E212E61BB6}.Release|Any CPU.Build.0 = Release|Any CPU
	EndGlobalSection
	GlobalSection(SolutionProperties) = preSolution
		HideSolutionNode = FALSE
	EndGlobalSection
	GlobalSection(ExtensibilityGlobals) = postSolution
		SolutionGuid = {0BBA28AB-E515-4BDC-8A60-34680F5DA5D3}
	EndGlobalSection
EndGlobal
