
Microsoft Visual Studio Solution File, Format Version 12.00
# Visual Studio Version 16
VisualStudioVersion = 16.0.31829.152
MinimumVisualStudioVersion = 10.0.40219.1
Project("{FAE04EC0-301F-11D3-BF4B-00C04F79EFBC}") = "EFIntro", "EFIntro\EFIntro.csproj", "{28579E2B-D864-408F-84D1-654CEF3CCFCE}"
EndProject
Global
	GlobalSection(SolutionConfigurationPlatforms) = preSolution
		Debug|Any CPU = Debug|Any CPU
		Release|Any CPU = Release|Any CPU
	EndGlobalSection
	GlobalSection(ProjectConfigurationPlatforms) = postSolution
		{28579E2B-D864-408F-84D1-654CEF3CCFCE}.Debug|Any CPU.ActiveCfg = Debug|Any CPU
		{28579E2B-D864-408F-84D1-654CEF3CCFCE}.Debug|Any CPU.Build.0 = Debug|Any CPU
		{28579E2B-D864-408F-84D1-654CEF3CCFCE}.Release|Any CPU.ActiveCfg = Release|Any CPU
		{28579E2B-D864-408F-84D1-654CEF3CCFCE}.Release|Any CPU.Build.0 = Release|Any CPU
	EndGlobalSection
	GlobalSection(SolutionProperties) = preSolution
		HideSolutionNode = FALSE
	EndGlobalSection
	GlobalSection(ExtensibilityGlobals) = postSolution
		SolutionGuid = {A61E8ECC-83D2-42BF-9984-5F66A1140C96}
	EndGlobalSection
EndGlobal
