
Microsoft Visual Studio Solution File, Format Version 12.00
# Visual Studio Version 16
VisualStudioVersion = 16.0.31313.79
MinimumVisualStudioVersion = 10.0.40219.1
Project("{FAE04EC0-301F-11D3-BF4B-00C04F79EFBC}") = "ConsoleApp1", "ConsoleApp1\ConsoleApp1.csproj", "{8E09A559-6D16-48D9-8F2B-48AA5A4B5B6F}"
EndProject
Global
	GlobalSection(SolutionConfigurationPlatforms) = preSolution
		Debug|Any CPU = Debug|Any CPU
		Release|Any CPU = Release|Any CPU
	EndGlobalSection
	GlobalSection(ProjectConfigurationPlatforms) = postSolution
		{8E09A559-6D16-48D9-8F2B-48AA5A4B5B6F}.Debug|Any CPU.ActiveCfg = Debug|Any CPU
		{8E09A559-6D16-48D9-8F2B-48AA5A4B5B6F}.Debug|Any CPU.Build.0 = Debug|Any CPU
		{8E09A559-6D16-48D9-8F2B-48AA5A4B5B6F}.Release|Any CPU.ActiveCfg = Release|Any CPU
		{8E09A559-6D16-48D9-8F2B-48AA5A4B5B6F}.Release|Any CPU.Build.0 = Release|Any CPU
	EndGlobalSection
	GlobalSection(SolutionProperties) = preSolution
		HideSolutionNode = FALSE
	EndGlobalSection
	GlobalSection(ExtensibilityGlobals) = postSolution
		SolutionGuid = {E029D7E0-74A9-4541-B20D-73E692D0FF19}
	EndGlobalSection
EndGlobal
