
Microsoft Visual Studio Solution File, Format Version 12.00
# Visual Studio Version 16
VisualStudioVersion = 16.0.31005.135
MinimumVisualStudioVersion = 10.0.40219.1
Project("{FAE04EC0-301F-11D3-BF4B-00C04F79EFBC}") = "01. Problem", "01\01. Problem.csproj", "{70D92744-9BF7-4AED-AEF8-8975DF717043}"
EndProject
Project("{FAE04EC0-301F-11D3-BF4B-00C04F79EFBC}") = "02. Problem", "..\02. Problem\02. Problem.csproj", "{D551BA28-D94E-48F7-B7BA-29B406EDB8AC}"
EndProject
Project("{FAE04EC0-301F-11D3-BF4B-00C04F79EFBC}") = "03. Problem", "..\03. Problem\03. Problem.csproj", "{36367CAD-566B-4C11-9EB6-EF74D755447C}"
EndProject
Project("{FAE04EC0-301F-11D3-BF4B-00C04F79EFBC}") = "test", "..\test\test.csproj", "{098B0F98-3067-42D2-871E-CCE6D494B764}"
EndProject
Global
	GlobalSection(SolutionConfigurationPlatforms) = preSolution
		Debug|Any CPU = Debug|Any CPU
		Release|Any CPU = Release|Any CPU
	EndGlobalSection
	GlobalSection(ProjectConfigurationPlatforms) = postSolution
		{70D92744-9BF7-4AED-AEF8-8975DF717043}.Debug|Any CPU.ActiveCfg = Debug|Any CPU
		{70D92744-9BF7-4AED-AEF8-8975DF717043}.Debug|Any CPU.Build.0 = Debug|Any CPU
		{70D92744-9BF7-4AED-AEF8-8975DF717043}.Release|Any CPU.ActiveCfg = Release|Any CPU
		{70D92744-9BF7-4AED-AEF8-8975DF717043}.Release|Any CPU.Build.0 = Release|Any CPU
		{D551BA28-D94E-48F7-B7BA-29B406EDB8AC}.Debug|Any CPU.ActiveCfg = Debug|Any CPU
		{D551BA28-D94E-48F7-B7BA-29B406EDB8AC}.Debug|Any CPU.Build.0 = Debug|Any CPU
		{D551BA28-D94E-48F7-B7BA-29B406EDB8AC}.Release|Any CPU.ActiveCfg = Release|Any CPU
		{D551BA28-D94E-48F7-B7BA-29B406EDB8AC}.Release|Any CPU.Build.0 = Release|Any CPU
		{36367CAD-566B-4C11-9EB6-EF74D755447C}.Debug|Any CPU.ActiveCfg = Debug|Any CPU
		{36367CAD-566B-4C11-9EB6-EF74D755447C}.Debug|Any CPU.Build.0 = Debug|Any CPU
		{36367CAD-566B-4C11-9EB6-EF74D755447C}.Release|Any CPU.ActiveCfg = Release|Any CPU
		{36367CAD-566B-4C11-9EB6-EF74D755447C}.Release|Any CPU.Build.0 = Release|Any CPU
		{098B0F98-3067-42D2-871E-CCE6D494B764}.Debug|Any CPU.ActiveCfg = Debug|Any CPU
		{098B0F98-3067-42D2-871E-CCE6D494B764}.Debug|Any CPU.Build.0 = Debug|Any CPU
		{098B0F98-3067-42D2-871E-CCE6D494B764}.Release|Any CPU.ActiveCfg = Release|Any CPU
		{098B0F98-3067-42D2-871E-CCE6D494B764}.Release|Any CPU.Build.0 = Release|Any CPU
	EndGlobalSection
	GlobalSection(SolutionProperties) = preSolution
		HideSolutionNode = FALSE
	EndGlobalSection
	GlobalSection(ExtensibilityGlobals) = postSolution
		SolutionGuid = {D137079E-090E-4A86-B3C2-84FEFC70044B}
	EndGlobalSection
EndGlobal
