
Microsoft Visual Studio Solution File, Format Version 12.00
# Visual Studio Version 16
VisualStudioVersion = 16.0.30907.101
MinimumVisualStudioVersion = 10.0.40219.1
Project("{FAE04EC0-301F-11D3-BF4B-00C04F79EFBC}") = "01. Convert Meters to Kilometers", "01. Convert Meters to Kilometers\01. Convert Meters to Kilometers.csproj", "{13B6E585-C184-4A81-8E82-6A4B45D2D047}"
EndProject
Project("{FAE04EC0-301F-11D3-BF4B-00C04F79EFBC}") = "02. Pounds to Dollars", "02. Pounds to Dollars\02. Pounds to Dollars.csproj", "{7A7D8C1B-D6FE-4B2E-8D12-CA77FCEF8AB5}"
EndProject
Project("{FAE04EC0-301F-11D3-BF4B-00C04F79EFBC}") = "03. Exact Sum of Real Numbers", "03. Exact Sum of Real Numbers\03. Exact Sum of Real Numbers.csproj", "{5BDFD1FF-8D3F-40F5-A620-700178FDDE08}"
EndProject
Project("{FAE04EC0-301F-11D3-BF4B-00C04F79EFBC}") = "04. Centuries to Minutes", "04. Centuries to Minutes\04. Centuries to Minutes.csproj", "{BDBEEC22-6978-4C7C-A264-DEAD801CAD3E}"
EndProject
Project("{FAE04EC0-301F-11D3-BF4B-00C04F79EFBC}") = "05. Special Numbers", "05. Special Numbers\05. Special Numbers.csproj", "{B9B4ED54-0514-454E-ACBD-25F9135F253C}"
EndProject
Project("{FAE04EC0-301F-11D3-BF4B-00C04F79EFBC}") = "06. Reversed Chars", "06. Reversed Chars\06. Reversed Chars.csproj", "{CEFC439E-38A0-48A0-9DF7-3C27BE3A76AE}"
EndProject
Project("{FAE04EC0-301F-11D3-BF4B-00C04F79EFBC}") = "07. Concat Names", "07. Concat Names\07. Concat Names.csproj", "{A5A268EF-7EC8-4722-9247-0A49BE52B94B}"
EndProject
Project("{FAE04EC0-301F-11D3-BF4B-00C04F79EFBC}") = "08. Town Info", "08. Town Info\08. Town Info.csproj", "{C889AF7A-B79E-470B-B253-177ABD66B444}"
EndProject
Project("{FAE04EC0-301F-11D3-BF4B-00C04F79EFBC}") = "09. Chars to String", "09. Chars to String\09. Chars to String.csproj", "{77FB98B6-B449-430C-A12F-4BD2C786DE00}"
EndProject
Project("{FAE04EC0-301F-11D3-BF4B-00C04F79EFBC}") = "10. Lower or Upper", "10. Lower or Upper\10. Lower or Upper.csproj", "{C33A64A7-6D94-4BC3-A0C8-70EC415D46FA}"
EndProject
Project("{FAE04EC0-301F-11D3-BF4B-00C04F79EFBC}") = "11. Refactor Volume of Pyramid", "11. Refactor Volume of Pyramid\11. Refactor Volume of Pyramid.csproj", "{FE9209BB-6D56-4676-949F-6D6C8FE4303D}"
EndProject
Project("{FAE04EC0-301F-11D3-BF4B-00C04F79EFBC}") = "12. Refactor Special Numbers", "12. Refactor Special Numbers\12. Refactor Special Numbers.csproj", "{489718D4-731D-4D56-99CE-5C39AD999174}"
EndProject
Global
	GlobalSection(SolutionConfigurationPlatforms) = preSolution
		Debug|Any CPU = Debug|Any CPU
		Release|Any CPU = Release|Any CPU
	EndGlobalSection
	GlobalSection(ProjectConfigurationPlatforms) = postSolution
		{13B6E585-C184-4A81-8E82-6A4B45D2D047}.Debug|Any CPU.ActiveCfg = Debug|Any CPU
		{13B6E585-C184-4A81-8E82-6A4B45D2D047}.Debug|Any CPU.Build.0 = Debug|Any CPU
		{13B6E585-C184-4A81-8E82-6A4B45D2D047}.Release|Any CPU.ActiveCfg = Release|Any CPU
		{13B6E585-C184-4A81-8E82-6A4B45D2D047}.Release|Any CPU.Build.0 = Release|Any CPU
		{7A7D8C1B-D6FE-4B2E-8D12-CA77FCEF8AB5}.Debug|Any CPU.ActiveCfg = Debug|Any CPU
		{7A7D8C1B-D6FE-4B2E-8D12-CA77FCEF8AB5}.Debug|Any CPU.Build.0 = Debug|Any CPU
		{7A7D8C1B-D6FE-4B2E-8D12-CA77FCEF8AB5}.Release|Any CPU.ActiveCfg = Release|Any CPU
		{7A7D8C1B-D6FE-4B2E-8D12-CA77FCEF8AB5}.Release|Any CPU.Build.0 = Release|Any CPU
		{5BDFD1FF-8D3F-40F5-A620-700178FDDE08}.Debug|Any CPU.ActiveCfg = Debug|Any CPU
		{5BDFD1FF-8D3F-40F5-A620-700178FDDE08}.Debug|Any CPU.Build.0 = Debug|Any CPU
		{5BDFD1FF-8D3F-40F5-A620-700178FDDE08}.Release|Any CPU.ActiveCfg = Release|Any CPU
		{5BDFD1FF-8D3F-40F5-A620-700178FDDE08}.Release|Any CPU.Build.0 = Release|Any CPU
		{BDBEEC22-6978-4C7C-A264-DEAD801CAD3E}.Debug|Any CPU.ActiveCfg = Debug|Any CPU
		{BDBEEC22-6978-4C7C-A264-DEAD801CAD3E}.Debug|Any CPU.Build.0 = Debug|Any CPU
		{BDBEEC22-6978-4C7C-A264-DEAD801CAD3E}.Release|Any CPU.ActiveCfg = Release|Any CPU
		{BDBEEC22-6978-4C7C-A264-DEAD801CAD3E}.Release|Any CPU.Build.0 = Release|Any CPU
		{B9B4ED54-0514-454E-ACBD-25F9135F253C}.Debug|Any CPU.ActiveCfg = Debug|Any CPU
		{B9B4ED54-0514-454E-ACBD-25F9135F253C}.Debug|Any CPU.Build.0 = Debug|Any CPU
		{B9B4ED54-0514-454E-ACBD-25F9135F253C}.Release|Any CPU.ActiveCfg = Release|Any CPU
		{B9B4ED54-0514-454E-ACBD-25F9135F253C}.Release|Any CPU.Build.0 = Release|Any CPU
		{CEFC439E-38A0-48A0-9DF7-3C27BE3A76AE}.Debug|Any CPU.ActiveCfg = Debug|Any CPU
		{CEFC439E-38A0-48A0-9DF7-3C27BE3A76AE}.Debug|Any CPU.Build.0 = Debug|Any CPU
		{CEFC439E-38A0-48A0-9DF7-3C27BE3A76AE}.Release|Any CPU.ActiveCfg = Release|Any CPU
		{CEFC439E-38A0-48A0-9DF7-3C27BE3A76AE}.Release|Any CPU.Build.0 = Release|Any CPU
		{A5A268EF-7EC8-4722-9247-0A49BE52B94B}.Debug|Any CPU.ActiveCfg = Debug|Any CPU
		{A5A268EF-7EC8-4722-9247-0A49BE52B94B}.Debug|Any CPU.Build.0 = Debug|Any CPU
		{A5A268EF-7EC8-4722-9247-0A49BE52B94B}.Release|Any CPU.ActiveCfg = Release|Any CPU
		{A5A268EF-7EC8-4722-9247-0A49BE52B94B}.Release|Any CPU.Build.0 = Release|Any CPU
		{C889AF7A-B79E-470B-B253-177ABD66B444}.Debug|Any CPU.ActiveCfg = Debug|Any CPU
		{C889AF7A-B79E-470B-B253-177ABD66B444}.Debug|Any CPU.Build.0 = Debug|Any CPU
		{C889AF7A-B79E-470B-B253-177ABD66B444}.Release|Any CPU.ActiveCfg = Release|Any CPU
		{C889AF7A-B79E-470B-B253-177ABD66B444}.Release|Any CPU.Build.0 = Release|Any CPU
		{77FB98B6-B449-430C-A12F-4BD2C786DE00}.Debug|Any CPU.ActiveCfg = Debug|Any CPU
		{77FB98B6-B449-430C-A12F-4BD2C786DE00}.Debug|Any CPU.Build.0 = Debug|Any CPU
		{77FB98B6-B449-430C-A12F-4BD2C786DE00}.Release|Any CPU.ActiveCfg = Release|Any CPU
		{77FB98B6-B449-430C-A12F-4BD2C786DE00}.Release|Any CPU.Build.0 = Release|Any CPU
		{C33A64A7-6D94-4BC3-A0C8-70EC415D46FA}.Debug|Any CPU.ActiveCfg = Debug|Any CPU
		{C33A64A7-6D94-4BC3-A0C8-70EC415D46FA}.Debug|Any CPU.Build.0 = Debug|Any CPU
		{C33A64A7-6D94-4BC3-A0C8-70EC415D46FA}.Release|Any CPU.ActiveCfg = Release|Any CPU
		{C33A64A7-6D94-4BC3-A0C8-70EC415D46FA}.Release|Any CPU.Build.0 = Release|Any CPU
		{FE9209BB-6D56-4676-949F-6D6C8FE4303D}.Debug|Any CPU.ActiveCfg = Debug|Any CPU
		{FE9209BB-6D56-4676-949F-6D6C8FE4303D}.Debug|Any CPU.Build.0 = Debug|Any CPU
		{FE9209BB-6D56-4676-949F-6D6C8FE4303D}.Release|Any CPU.ActiveCfg = Release|Any CPU
		{FE9209BB-6D56-4676-949F-6D6C8FE4303D}.Release|Any CPU.Build.0 = Release|Any CPU
		{489718D4-731D-4D56-99CE-5C39AD999174}.Debug|Any CPU.ActiveCfg = Debug|Any CPU
		{489718D4-731D-4D56-99CE-5C39AD999174}.Debug|Any CPU.Build.0 = Debug|Any CPU
		{489718D4-731D-4D56-99CE-5C39AD999174}.Release|Any CPU.ActiveCfg = Release|Any CPU
		{489718D4-731D-4D56-99CE-5C39AD999174}.Release|Any CPU.Build.0 = Release|Any CPU
	EndGlobalSection
	GlobalSection(SolutionProperties) = preSolution
		HideSolutionNode = FALSE
	EndGlobalSection
	GlobalSection(ExtensibilityGlobals) = postSolution
		SolutionGuid = {08EF120A-CDF4-4BE3-BE15-53EB95F32A27}
	EndGlobalSection
EndGlobal
