
Microsoft Visual Studio Solution File, Format Version 12.00
# Visual Studio Version 16
VisualStudioVersion = 16.0.31424.327
MinimumVisualStudioVersion = 10.0.40219.1
Project("{9A19103F-16F7-4668-BE54-9A1E7A4F7556}") = "PersonInfo", "01.DefineanInterfaceIPerson\PersonInfo.csproj", "{DD3AE420-7819-4E97-A206-45FC420EF072}"
EndProject
Project("{9A19103F-16F7-4668-BE54-9A1E7A4F7556}") = "03.Telephony", "03.Telephony\03.Telephony.csproj", "{15A2C67D-8B01-4692-A8EA-5DD7DADCB740}"
EndProject
Project("{9A19103F-16F7-4668-BE54-9A1E7A4F7556}") = "07.MilitaryElite", "07.MilitaryElite\07.MilitaryElite.csproj", "{EA4B3692-07A2-4ABE-9165-4F722899F6DD}"
EndProject
Project("{9A19103F-16F7-4668-BE54-9A1E7A4F7556}") = "04.BorderControl", "04.BorderControl\04.BorderControl.csproj", "{81800C1E-EA9C-4E92-B2E4-A781FCC5318A}"
EndProject
Project("{9A19103F-16F7-4668-BE54-9A1E7A4F7556}") = "05.BirthdayCelebrations", "05.BirthdayCelebrations\05.BirthdayCelebrations.csproj", "{F5EFCA8C-876A-42FA-892C-8B8E94126A46}"
EndProject
Global
	GlobalSection(SolutionConfigurationPlatforms) = preSolution
		Debug|Any CPU = Debug|Any CPU
		Release|Any CPU = Release|Any CPU
	EndGlobalSection
	GlobalSection(ProjectConfigurationPlatforms) = postSolution
		{DD3AE420-7819-4E97-A206-45FC420EF072}.Debug|Any CPU.ActiveCfg = Debug|Any CPU
		{DD3AE420-7819-4E97-A206-45FC420EF072}.Debug|Any CPU.Build.0 = Debug|Any CPU
		{DD3AE420-7819-4E97-A206-45FC420EF072}.Release|Any CPU.ActiveCfg = Release|Any CPU
		{DD3AE420-7819-4E97-A206-45FC420EF072}.Release|Any CPU.Build.0 = Release|Any CPU
		{15A2C67D-8B01-4692-A8EA-5DD7DADCB740}.Debug|Any CPU.ActiveCfg = Debug|Any CPU
		{15A2C67D-8B01-4692-A8EA-5DD7DADCB740}.Debug|Any CPU.Build.0 = Debug|Any CPU
		{15A2C67D-8B01-4692-A8EA-5DD7DADCB740}.Release|Any CPU.ActiveCfg = Release|Any CPU
		{15A2C67D-8B01-4692-A8EA-5DD7DADCB740}.Release|Any CPU.Build.0 = Release|Any CPU
		{EA4B3692-07A2-4ABE-9165-4F722899F6DD}.Debug|Any CPU.ActiveCfg = Debug|Any CPU
		{EA4B3692-07A2-4ABE-9165-4F722899F6DD}.Debug|Any CPU.Build.0 = Debug|Any CPU
		{EA4B3692-07A2-4ABE-9165-4F722899F6DD}.Release|Any CPU.ActiveCfg = Release|Any CPU
		{EA4B3692-07A2-4ABE-9165-4F722899F6DD}.Release|Any CPU.Build.0 = Release|Any CPU
		{81800C1E-EA9C-4E92-B2E4-A781FCC5318A}.Debug|Any CPU.ActiveCfg = Debug|Any CPU
		{81800C1E-EA9C-4E92-B2E4-A781FCC5318A}.Debug|Any CPU.Build.0 = Debug|Any CPU
		{81800C1E-EA9C-4E92-B2E4-A781FCC5318A}.Release|Any CPU.ActiveCfg = Release|Any CPU
		{81800C1E-EA9C-4E92-B2E4-A781FCC5318A}.Release|Any CPU.Build.0 = Release|Any CPU
		{F5EFCA8C-876A-42FA-892C-8B8E94126A46}.Debug|Any CPU.ActiveCfg = Debug|Any CPU
		{F5EFCA8C-876A-42FA-892C-8B8E94126A46}.Debug|Any CPU.Build.0 = Debug|Any CPU
		{F5EFCA8C-876A-42FA-892C-8B8E94126A46}.Release|Any CPU.ActiveCfg = Release|Any CPU
		{F5EFCA8C-876A-42FA-892C-8B8E94126A46}.Release|Any CPU.Build.0 = Release|Any CPU
	EndGlobalSection
	GlobalSection(SolutionProperties) = preSolution
		HideSolutionNode = FALSE
	EndGlobalSection
	GlobalSection(ExtensibilityGlobals) = postSolution
		SolutionGuid = {9BEEC5D6-8A2D-4328-8731-870C73D1C6D3}
	EndGlobalSection
EndGlobal
