
Microsoft Visual Studio Solution File, Format Version 12.00
# Visual Studio Version 16
VisualStudioVersion = 16.0.31321.278
MinimumVisualStudioVersion = 10.0.40219.1
Project("{9A19103F-16F7-4668-BE54-9A1E7A4F7556}") = "01.Person", "01.Person\01.Person.csproj", "{F7E3C661-D4B4-4D62-B782-945EFA69807D}"
EndProject
Project("{FAE04EC0-301F-11D3-BF4B-00C04F79EFBC}") = "05. Date Modifier", "05. Date Modifier\05. Date Modifier.csproj", "{F399A772-B821-4890-88F0-B557A74E33EB}"
EndProject
Project("{FAE04EC0-301F-11D3-BF4B-00C04F79EFBC}") = "06. Speed Racing", "06. Speed Racing\06. Speed Racing.csproj", "{7121D213-5794-42F8-92B5-756958A1FBC2}"
EndProject
Project("{FAE04EC0-301F-11D3-BF4B-00C04F79EFBC}") = "07. Raw Data", "07. Raw Data\07. Raw Data.csproj", "{50F05424-FAE9-43B7-976D-0D25204549E6}"
EndProject
Global
	GlobalSection(SolutionConfigurationPlatforms) = preSolution
		Debug|Any CPU = Debug|Any CPU
		Release|Any CPU = Release|Any CPU
	EndGlobalSection
	GlobalSection(ProjectConfigurationPlatforms) = postSolution
		{F7E3C661-D4B4-4D62-B782-945EFA69807D}.Debug|Any CPU.ActiveCfg = Debug|Any CPU
		{F7E3C661-D4B4-4D62-B782-945EFA69807D}.Debug|Any CPU.Build.0 = Debug|Any CPU
		{F7E3C661-D4B4-4D62-B782-945EFA69807D}.Release|Any CPU.ActiveCfg = Release|Any CPU
		{F7E3C661-D4B4-4D62-B782-945EFA69807D}.Release|Any CPU.Build.0 = Release|Any CPU
		{F399A772-B821-4890-88F0-B557A74E33EB}.Debug|Any CPU.ActiveCfg = Debug|Any CPU
		{F399A772-B821-4890-88F0-B557A74E33EB}.Debug|Any CPU.Build.0 = Debug|Any CPU
		{F399A772-B821-4890-88F0-B557A74E33EB}.Release|Any CPU.ActiveCfg = Release|Any CPU
		{F399A772-B821-4890-88F0-B557A74E33EB}.Release|Any CPU.Build.0 = Release|Any CPU
		{7121D213-5794-42F8-92B5-756958A1FBC2}.Debug|Any CPU.ActiveCfg = Debug|Any CPU
		{7121D213-5794-42F8-92B5-756958A1FBC2}.Debug|Any CPU.Build.0 = Debug|Any CPU
		{7121D213-5794-42F8-92B5-756958A1FBC2}.Release|Any CPU.ActiveCfg = Release|Any CPU
		{7121D213-5794-42F8-92B5-756958A1FBC2}.Release|Any CPU.Build.0 = Release|Any CPU
		{50F05424-FAE9-43B7-976D-0D25204549E6}.Debug|Any CPU.ActiveCfg = Debug|Any CPU
		{50F05424-FAE9-43B7-976D-0D25204549E6}.Debug|Any CPU.Build.0 = Debug|Any CPU
		{50F05424-FAE9-43B7-976D-0D25204549E6}.Release|Any CPU.ActiveCfg = Release|Any CPU
		{50F05424-FAE9-43B7-976D-0D25204549E6}.Release|Any CPU.Build.0 = Release|Any CPU
	EndGlobalSection
	GlobalSection(SolutionProperties) = preSolution
		HideSolutionNode = FALSE
	EndGlobalSection
	GlobalSection(ExtensibilityGlobals) = postSolution
		SolutionGuid = {FA00EA8E-FA25-421A-BA2B-C2F279A0C296}
	EndGlobalSection
EndGlobal
