
Microsoft Visual Studio Solution File, Format Version 12.00
# Visual Studio Version 16
VisualStudioVersion = 16.0.30907.101
MinimumVisualStudioVersion = 10.0.40219.1
Project("{FAE04EC0-301F-11D3-BF4B-00C04F79EFBC}") = "01. Sum Adjacent Equal Numbers", "01. Sum Adjacent Equal Numbers\01. Sum Adjacent Equal Numbers.csproj", "{6115DFE9-5371-4AD6-9A7C-9663AF1F3CC5}"
EndProject
Project("{FAE04EC0-301F-11D3-BF4B-00C04F79EFBC}") = "02. Gauss' Trick", "..\02. Gauss' Trick\02. Gauss' Trick.csproj", "{DC567668-7938-4A29-BF88-8EFEF7677239}"
EndProject
Project("{FAE04EC0-301F-11D3-BF4B-00C04F79EFBC}") = "03. Merging Lists", "..\03. Merging Lists\03. Merging Lists.csproj", "{2B6761E7-95EC-4425-89BF-5A50C13FCDE0}"
EndProject
Project("{FAE04EC0-301F-11D3-BF4B-00C04F79EFBC}") = "04. List of Products", "..\04. List of Products\04. List of Products.csproj", "{FBDDB305-0ECA-457D-B77E-45E64C759010}"
EndProject
Project("{FAE04EC0-301F-11D3-BF4B-00C04F79EFBC}") = "05. Remove Negatives and Reverse", "..\05. Remove Negatives and Reverse\05. Remove Negatives and Reverse.csproj", "{2873176B-CC36-4156-A0F8-8581A91C8378}"
EndProject
Project("{FAE04EC0-301F-11D3-BF4B-00C04F79EFBC}") = "06. List Manipulation Basics", "..\06. List Manipulation Basics\06. List Manipulation Basics.csproj", "{7C2ECC4D-E5F6-4836-BE3B-5E599BE24049}"
EndProject
Project("{FAE04EC0-301F-11D3-BF4B-00C04F79EFBC}") = "07. List Manipulation Advanced", "..\07. List Manipulation Advanced\07. List Manipulation Advanced.csproj", "{C4AE2D67-08D5-40B4-8DEB-9A2BDE40CDBE}"
EndProject
Global
	GlobalSection(SolutionConfigurationPlatforms) = preSolution
		Debug|Any CPU = Debug|Any CPU
		Release|Any CPU = Release|Any CPU
	EndGlobalSection
	GlobalSection(ProjectConfigurationPlatforms) = postSolution
		{6115DFE9-5371-4AD6-9A7C-9663AF1F3CC5}.Debug|Any CPU.ActiveCfg = Debug|Any CPU
		{6115DFE9-5371-4AD6-9A7C-9663AF1F3CC5}.Debug|Any CPU.Build.0 = Debug|Any CPU
		{6115DFE9-5371-4AD6-9A7C-9663AF1F3CC5}.Release|Any CPU.ActiveCfg = Release|Any CPU
		{6115DFE9-5371-4AD6-9A7C-9663AF1F3CC5}.Release|Any CPU.Build.0 = Release|Any CPU
		{DC567668-7938-4A29-BF88-8EFEF7677239}.Debug|Any CPU.ActiveCfg = Debug|Any CPU
		{DC567668-7938-4A29-BF88-8EFEF7677239}.Debug|Any CPU.Build.0 = Debug|Any CPU
		{DC567668-7938-4A29-BF88-8EFEF7677239}.Release|Any CPU.ActiveCfg = Release|Any CPU
		{DC567668-7938-4A29-BF88-8EFEF7677239}.Release|Any CPU.Build.0 = Release|Any CPU
		{2B6761E7-95EC-4425-89BF-5A50C13FCDE0}.Debug|Any CPU.ActiveCfg = Debug|Any CPU
		{2B6761E7-95EC-4425-89BF-5A50C13FCDE0}.Debug|Any CPU.Build.0 = Debug|Any CPU
		{2B6761E7-95EC-4425-89BF-5A50C13FCDE0}.Release|Any CPU.ActiveCfg = Release|Any CPU
		{2B6761E7-95EC-4425-89BF-5A50C13FCDE0}.Release|Any CPU.Build.0 = Release|Any CPU
		{FBDDB305-0ECA-457D-B77E-45E64C759010}.Debug|Any CPU.ActiveCfg = Debug|Any CPU
		{FBDDB305-0ECA-457D-B77E-45E64C759010}.Debug|Any CPU.Build.0 = Debug|Any CPU
		{FBDDB305-0ECA-457D-B77E-45E64C759010}.Release|Any CPU.ActiveCfg = Release|Any CPU
		{FBDDB305-0ECA-457D-B77E-45E64C759010}.Release|Any CPU.Build.0 = Release|Any CPU
		{2873176B-CC36-4156-A0F8-8581A91C8378}.Debug|Any CPU.ActiveCfg = Debug|Any CPU
		{2873176B-CC36-4156-A0F8-8581A91C8378}.Debug|Any CPU.Build.0 = Debug|Any CPU
		{2873176B-CC36-4156-A0F8-8581A91C8378}.Release|Any CPU.ActiveCfg = Release|Any CPU
		{2873176B-CC36-4156-A0F8-8581A91C8378}.Release|Any CPU.Build.0 = Release|Any CPU
		{7C2ECC4D-E5F6-4836-BE3B-5E599BE24049}.Debug|Any CPU.ActiveCfg = Debug|Any CPU
		{7C2ECC4D-E5F6-4836-BE3B-5E599BE24049}.Debug|Any CPU.Build.0 = Debug|Any CPU
		{7C2ECC4D-E5F6-4836-BE3B-5E599BE24049}.Release|Any CPU.ActiveCfg = Release|Any CPU
		{7C2ECC4D-E5F6-4836-BE3B-5E599BE24049}.Release|Any CPU.Build.0 = Release|Any CPU
		{C4AE2D67-08D5-40B4-8DEB-9A2BDE40CDBE}.Debug|Any CPU.ActiveCfg = Debug|Any CPU
		{C4AE2D67-08D5-40B4-8DEB-9A2BDE40CDBE}.Debug|Any CPU.Build.0 = Debug|Any CPU
		{C4AE2D67-08D5-40B4-8DEB-9A2BDE40CDBE}.Release|Any CPU.ActiveCfg = Release|Any CPU
		{C4AE2D67-08D5-40B4-8DEB-9A2BDE40CDBE}.Release|Any CPU.Build.0 = Release|Any CPU
	EndGlobalSection
	GlobalSection(SolutionProperties) = preSolution
		HideSolutionNode = FALSE
	EndGlobalSection
	GlobalSection(ExtensibilityGlobals) = postSolution
		SolutionGuid = {E116D962-DAFB-4B14-8795-ED4157FD5409}
	EndGlobalSection
EndGlobal
